	<Project xmlns="http://schemas.microsoft.com/developer/msbuild/2003">
		<PropertyGroup>
			<ProjectGuid>{387DE733-CEC6-489D-BB82-D3F53106F346}</ProjectGuid>
			<MainSource>MozBackup.dpr</MainSource>
			<Config Condition="'$(Config)'==''">Debug</Config>
			<DCC_DCCCompiler>DCC32</DCC_DCCCompiler>
		</PropertyGroup>
		<PropertyGroup Condition="'$(Config)'=='Base' or '$(Base)'!=''">
			<Base>true</Base>
		</PropertyGroup>
		<PropertyGroup Condition="'$(Config)'=='Release' or '$(Cfg_1)'!=''">
			<Cfg_1>true</Cfg_1>
			<CfgParent>Base</CfgParent>
			<Base>true</Base>
		</PropertyGroup>
		<PropertyGroup Condition="'$(Config)'=='Debug' or '$(Cfg_2)'!=''">
			<Cfg_2>true</Cfg_2>
			<CfgParent>Base</CfgParent>
			<Base>true</Base>
		</PropertyGroup>
		<PropertyGroup Condition="'$(Base)'!=''">
			<DCC_UsePackage>vcl;rtl;dbrtl;adortl;vcldb;vclx;bdertl;vcldbx;ibxpress;dsnap;cds;bdecds;qrpt;teeui;teedb;tee;dss;teeqr;visualclx;visualdbclx;dsnapcrba;dsnapcon;VclSmp;vclshlctrls;vclie;xmlrtl;inet;inetdbbde;inetdbxpress;inetdb;nmfast;webdsnap;websnap;dbexpress;dbxcds;indy;dclOffice2k</DCC_UsePackage>
			<DCC_UNSAFE_TYPE>true</DCC_UNSAFE_TYPE>
			<DCC_UNSAFE_CODE>true</DCC_UNSAFE_CODE>
			<DCC_ImageBase>00400000</DCC_ImageBase>
			<DCC_UnitAlias>WinTypes=Windows;WinProcs=Windows;DbiTypes=BDE;DbiProcs=BDE;DbiErrs=BDE;$(DCC_UnitAlias)</DCC_UnitAlias>
			<DCC_Platform>x86</DCC_Platform>
			<DCC_DependencyCheckOutputName>MozBackup.exe</DCC_DependencyCheckOutputName>
			<DCC_K>false</DCC_K>
			<DCC_N>true</DCC_N>
			<DCC_S>false</DCC_S>
			<DCC_F>false</DCC_F>
			<DCC_UNSAFE_CAST>true</DCC_UNSAFE_CAST>
			<DCC_SymbolReferenceInfo>1</DCC_SymbolReferenceInfo>
			<DCC_E>false</DCC_E>
		</PropertyGroup>
		<PropertyGroup Condition="'$(Cfg_1)'!=''">
			<DCC_LocalDebugSymbols>false</DCC_LocalDebugSymbols>
			<DCC_Define>RELEASE;$(DCC_Define)</DCC_Define>
			<DCC_SymbolReferenceInfo>0</DCC_SymbolReferenceInfo>
			<DCC_DebugInformation>false</DCC_DebugInformation>
		</PropertyGroup>
		<PropertyGroup Condition="'$(Cfg_2)'!=''">
			<DCC_Define>DEBUG;$(DCC_Define)</DCC_Define>
		</PropertyGroup>
		<ItemGroup>
			<DelphiCompile Include="MozBackup.dpr">
				<MainSource>MainSource</MainSource>
			</DelphiCompile>
			<DCCReference Include="hlavni.pas">
				<Form>Form1</Form>
			</DCCReference>
			<DCCReference Include="funkce.pas"/>
			<DCCReference Include="okna.pas"/>
			<DCCReference Include="zaloha.pas"/>
			<DCCReference Include="input_dialog.pas">
				<Form>Form2</Form>
			</DCCReference>
			<DCCReference Include="chyby.pas"/>
			<DCCReference Include="WinUtils.pas"/>
			<DCCReference Include="heslo.pas">
				<Form>Form4</Form>
			</DCCReference>
			<DCCReference Include="heslo2.pas">
				<Form>Form5</Form>
			</DCCReference>
			<DCCReference Include="JP_Registry.pas"/>
			<DCCReference Include="inifile.pas"/>
			<DCCReference Include="l10n.pas"/>
			<DCCReference Include="Config.pas"/>
			<DCCReference Include="JPDialogs.pas"/>
			<DCCReference Include="PrefsParser.pas"/>
			<DCCReference Include="PrefsParserAccount.pas"/>
			<DCCReference Include="ZipFactory.pas"/>
			<DCCReference Include="MozProfile.pas"/>
			<DCCReference Include="UnknowFiles.pas">
				<Form>UnknowFilesFM</Form>
			</DCCReference>
			<DCCReference Include="UnknowFilesBL.pas"/>
			<DCCReference Include="UnknowItem.pas"/>
			<DCCReference Include="sqlite\SQLite3.pas"/>
			<DCCReference Include="sqlite\sqlite3udf.pas"/>
			<DCCReference Include="sqlite\SQLiteTable3.pas"/>
			<DCCReference Include="CmdLine.pas"/>
			<DCCReference Include="MozUtils.pas"/>
			<DCCReference Include="apps\MozApp.pas"/>
			<DCCReference Include="MozManager.pas"/>
			<DCCReference Include="apps\SeaMonkeyApp.pas"/>
			<DCCReference Include="apps\FirefoxApp.pas"/>
			<DCCReference Include="apps\ThunderbirdApp.pas"/>
			<DCCReference Include="apps\SunbirdApp.pas"/>
			<DCCReference Include="apps\FlockApp.pas"/>
			<DCCReference Include="apps\NetscapeApp.pas"/>
			<DCCReference Include="apps\MessengerApp.pas"/>
			<DCCReference Include="Functions.pas"/>
			<DCCReference Include="AppProfile.pas"/>
			<DCCReference Include="apps\SpiceBirdApp.pas"/>
			<DCCReference Include="BackupTask.pas"/>
			<DCCReference Include="BackupTaskExternal.pas"/>
			<DCCReference Include="ProgressWindow.pas"/>
			<DCCReference Include="ProfileDetection.pas"/>
			<DCCReference Include="Configuration.pas"/>
			<DCCReference Include="TesterHelper.pas"/>
			<BuildConfiguration Include="Base">
				<Key>Base</Key>
			</BuildConfiguration>
		</ItemGroup>
		<Import Project="$(BDS)\Bin\CodeGear.Delphi.Targets" Condition="Exists('$(BDS)\Bin\CodeGear.Delphi.Targets')"/>
		<ProjectExtensions>
			<Borland.Personality>Delphi.Personality.12</Borland.Personality>
			<Borland.ProjectType>VCLApplication</Borland.ProjectType>
			<BorlandProject>
				<Delphi.Personality>
					<Source>
						<Source Name="MainSource">MozBackup.dpr</Source>
					</Source>
					<Parameters>
						<Parameters Name="UseLauncher">False</Parameters>
						<Parameters Name="LoadAllSymbols">True</Parameters>
						<Parameters Name="LoadUnspecifiedSymbols">False</Parameters>
					</Parameters>
					<VersionInfo>
						<VersionInfo Name="IncludeVerInfo">True</VersionInfo>
						<VersionInfo Name="AutoIncBuild">False</VersionInfo>
						<VersionInfo Name="MajorVer">1</VersionInfo>
						<VersionInfo Name="MinorVer">4</VersionInfo>
						<VersionInfo Name="Release">9</VersionInfo>
						<VersionInfo Name="Build">0</VersionInfo>
						<VersionInfo Name="Debug">False</VersionInfo>
						<VersionInfo Name="PreRelease">False</VersionInfo>
						<VersionInfo Name="Special">False</VersionInfo>
						<VersionInfo Name="Private">False</VersionInfo>
						<VersionInfo Name="DLL">False</VersionInfo>
						<VersionInfo Name="Locale">1033</VersionInfo>
						<VersionInfo Name="CodePage">1252</VersionInfo>
					</VersionInfo>
					<VersionInfoKeys>
						<VersionInfoKeys Name="CompanyName">Pavel Cvrcek</VersionInfoKeys>
						<VersionInfoKeys Name="FileDescription"/>
						<VersionInfoKeys Name="FileVersion">1.4.9.0</VersionInfoKeys>
						<VersionInfoKeys Name="InternalName"/>
						<VersionInfoKeys Name="LegalCopyright"/>
						<VersionInfoKeys Name="LegalTrademarks"/>
						<VersionInfoKeys Name="OriginalFilename"/>
						<VersionInfoKeys Name="ProductName">MozBackup</VersionInfoKeys>
						<VersionInfoKeys Name="ProductVersion">1.4.9</VersionInfoKeys>
						<VersionInfoKeys Name="Comments"/>
					</VersionInfoKeys>
					<Excluded_Packages>
						<Excluded_Packages Name="c:\program files\borland\bds\4.0\Bin\dclib100.bpl">Borland InterBase Express Components</Excluded_Packages>
						<Excluded_Packages Name="c:\program files\borland\bds\4.0\Bin\dclIntraweb_80_100.bpl">Intraweb 8.0 Design Package for Borland Development Studio 2006</Excluded_Packages>
						<Excluded_Packages Name="c:\program files\borland\bds\4.0\Bin\dclIndyCore100.bpl">Indy 10 Core Design Time</Excluded_Packages>
						<Excluded_Packages Name="c:\program files\borland\bds\4.0\Bin\dclsmp100.bpl">Borland Sample Components</Excluded_Packages>
						<Excluded_Packages Name="c:\program files\borland\bds\4.0\Bin\dclIndyProtocols100.bpl">Indy 10 Protocols Design Time</Excluded_Packages>
						<Excluded_Packages Name="c:\program files\borland\bds\4.0\Bin\dcltee100.bpl">TeeChart Components</Excluded_Packages>
					</Excluded_Packages>
				</Delphi.Personality>
			</BorlandProject>
			<ProjectFileVersion>12</ProjectFileVersion>
		</ProjectExtensions>
	</Project>
